// !$*UTF8*$!
{
	archiveVersion = 1;
	classes = {
	};
	objectVersion = 55;
	objects = {

/* Begin PBXBuildFile section */
		253842AD27FB84C6005AFD1D /* AppServiceProvider.swift in Sources */ = {isa = PBXBuildFile; fileRef = 253842AC27FB84C6005AFD1D /* AppServiceProvider.swift */; };
		253842AF27FB8518005AFD1D /* AppUITask.swift in Sources */ = {isa = PBXBuildFile; fileRef = 253842AE27FB8518005AFD1D /* AppUITask.swift */; };
		253842B327FB86CF005AFD1D /* WindowSetupTask.swift in Sources */ = {isa = PBXBuildFile; fileRef = 253842B227FB86CF005AFD1D /* WindowSetupTask.swift */; };
		254C218327F85752005F900F /* AppDelegate.swift in Sources */ = {isa = PBXBuildFile; fileRef = 254C218227F85752005F900F /* AppDelegate.swift */; };
		254C218527F85752005F900F /* SceneDelegate.swift in Sources */ = {isa = PBXBuildFile; fileRef = 254C218427F85752005F900F /* SceneDelegate.swift */; };
		254C218727F85752005F900F /* MarvelListViewController.swift in Sources */ = {isa = PBXBuildFile; fileRef = 254C218627F85752005F900F /* MarvelListViewController.swift */; };
		254C218A27F85752005F900F /* Main.storyboard in Resources */ = {isa = PBXBuildFile; fileRef = 254C218827F85752005F900F /* Main.storyboard */; };
		254C218C27F85753005F900F /* Assets.xcassets in Resources */ = {isa = PBXBuildFile; fileRef = 254C218B27F85753005F900F /* Assets.xcassets */; };
		254C218F27F85753005F900F /* LaunchScreen.storyboard in Resources */ = {isa = PBXBuildFile; fileRef = 254C218D27F85753005F900F /* LaunchScreen.storyboard */; };
		254C219A27F85753005F900F /* TechTestTests.swift in Sources */ = {isa = PBXBuildFile; fileRef = 254C219927F85753005F900F /* TechTestTests.swift */; };
		254C21A427F85753005F900F /* TechTestUITests.swift in Sources */ = {isa = PBXBuildFile; fileRef = 254C21A327F85753005F900F /* TechTestUITests.swift */; };
		254C21A627F85753005F900F /* TechTestUITestsLaunchTests.swift in Sources */ = {isa = PBXBuildFile; fileRef = 254C21A527F85753005F900F /* TechTestUITestsLaunchTests.swift */; };
		254C232927F8A6B4005F900F /* MarvelListPresenter.swift in Sources */ = {isa = PBXBuildFile; fileRef = 254C232827F8A6B4005F900F /* MarvelListPresenter.swift */; };
		254C24A227F98A6E005F900F /* Mockfile in Resources */ = {isa = PBXBuildFile; fileRef = 254C24A127F98A6E005F900F /* Mockfile */; };
		258B9F0627FB8DAA00E02DF3 /* MarvelList.storyboard in Resources */ = {isa = PBXBuildFile; fileRef = 258B9F0527FB8DAA00E02DF3 /* MarvelList.storyboard */; };
		25D0DE0C2801959600AC7D67 /* Core.framework in Frameworks */ = {isa = PBXBuildFile; fileRef = 25D0DE0B2801959500AC7D67 /* Core.framework */; };
		25D0DE0D2801959600AC7D67 /* Core.framework in Embed Frameworks */ = {isa = PBXBuildFile; fileRef = 25D0DE0B2801959500AC7D67 /* Core.framework */; settings = {ATTRIBUTES = (CodeSignOnCopy, RemoveHeadersOnCopy, ); }; };
		25FDDD982802DE3800DB0C48 /* BaseViewController.swift in Sources */ = {isa = PBXBuildFile; fileRef = 25FDDD972802DE3800DB0C48 /* BaseViewController.swift */; };
		25FDDD9A2802DF6A00DB0C48 /* BasePresenter.swift in Sources */ = {isa = PBXBuildFile; fileRef = 25FDDD992802DF6A00DB0C48 /* BasePresenter.swift */; };
		25FDDF082802E4B200DB0C48 /* LoadingView.xib in Resources */ = {isa = PBXBuildFile; fileRef = 25FDDF062802E4B200DB0C48 /* LoadingView.xib */; };
		25FDDF092802E4B200DB0C48 /* LoadingView.swift in Sources */ = {isa = PBXBuildFile; fileRef = 25FDDF072802E4B200DB0C48 /* LoadingView.swift */; };
		25FDDF0C2802E87700DB0C48 /* Images.xcassets in Resources */ = {isa = PBXBuildFile; fileRef = 25FDDF0B2802E87700DB0C48 /* Images.xcassets */; };
		25FDDF0F2802E8F800DB0C48 /* assets-images.swift in Sources */ = {isa = PBXBuildFile; fileRef = 25FDDF0E2802E8F800DB0C48 /* assets-images.swift */; };
		25FDDF142802EF9800DB0C48 /* Localizable.strings in Resources */ = {isa = PBXBuildFile; fileRef = 25FDDF162802EF9800DB0C48 /* Localizable.strings */; };
		25FDDF192802F02600DB0C48 /* Strings.swift in Sources */ = {isa = PBXBuildFile; fileRef = 25FDDF182802F02600DB0C48 /* Strings.swift */; };
		25FDDF1C2802F4E800DB0C48 /* UIView+Load.swift in Sources */ = {isa = PBXBuildFile; fileRef = 25FDDF1B2802F4E800DB0C48 /* UIView+Load.swift */; };
		25FDDF1F2802F8EC00DB0C48 /* MarvelListServiceProvider.swift in Sources */ = {isa = PBXBuildFile; fileRef = 25FDDF1E2802F8EC00DB0C48 /* MarvelListServiceProvider.swift */; };
		25FDDF212802F96700DB0C48 /* MarvelListService.swift in Sources */ = {isa = PBXBuildFile; fileRef = 25FDDF202802F96700DB0C48 /* MarvelListService.swift */; };
		25FDDF232802FA2000DB0C48 /* UIStoryboard+instantiate.swift in Sources */ = {isa = PBXBuildFile; fileRef = 25FDDF222802FA2000DB0C48 /* UIStoryboard+instantiate.swift */; };
		4BC39883C7E78A5046C8C9FF /* Pods_TechTestTests.framework in Frameworks */ = {isa = PBXBuildFile; fileRef = A66CDF5826381B44965BAE23 /* Pods_TechTestTests.framework */; };
		E2BA31A0E0557C6192975A0B /* Pods_TechTest_TechTestUITests.framework in Frameworks */ = {isa = PBXBuildFile; fileRef = 9A6D079E3D5E945CEC89752C /* Pods_TechTest_TechTestUITests.framework */; };
		E8425730471B4CEFAB5B85E9 /* Pods_TechTest.framework in Frameworks */ = {isa = PBXBuildFile; fileRef = 8E2367A55C6D7A0D7C4166E4 /* Pods_TechTest.framework */; };
/* End PBXBuildFile section */

/* Begin PBXContainerItemProxy section */
		254C219627F85753005F900F /* PBXContainerItemProxy */ = {
			isa = PBXContainerItemProxy;
			containerPortal = 254C217727F85752005F900F /* Project object */;
			proxyType = 1;
			remoteGlobalIDString = 254C217E27F85752005F900F;
			remoteInfo = TechTest;
		};
		254C21A027F85753005F900F /* PBXContainerItemProxy */ = {
			isa = PBXContainerItemProxy;
			containerPortal = 254C217727F85752005F900F /* Project object */;
			proxyType = 1;
			remoteGlobalIDString = 254C217E27F85752005F900F;
			remoteInfo = TechTest;
		};
/* End PBXContainerItemProxy section */

/* Begin PBXCopyFilesBuildPhase section */
		25D0DE0E2801959600AC7D67 /* Embed Frameworks */ = {
			isa = PBXCopyFilesBuildPhase;
			buildActionMask = 2147483647;
			dstPath = "";
			dstSubfolderSpec = 10;
			files = (
				25D0DE0D2801959600AC7D67 /* Core.framework in Embed Frameworks */,
			);
			name = "Embed Frameworks";
			runOnlyForDeploymentPostprocessing = 0;
		};
/* End PBXCopyFilesBuildPhase section */

/* Begin PBXFileReference section */
		0C4AB8DD5AB33409C2602B2B /* Pods-TechTest.release.xcconfig */ = {isa = PBXFileReference; includeInIndex = 1; lastKnownFileType = text.xcconfig; name = "Pods-TechTest.release.xcconfig"; path = "Target Support Files/Pods-TechTest/Pods-TechTest.release.xcconfig"; sourceTree = "<group>"; };
		253842AC27FB84C6005AFD1D /* AppServiceProvider.swift */ = {isa = PBXFileReference; lastKnownFileType = sourcecode.swift; path = AppServiceProvider.swift; sourceTree = "<group>"; };
		253842AE27FB8518005AFD1D /* AppUITask.swift */ = {isa = PBXFileReference; lastKnownFileType = sourcecode.swift; path = AppUITask.swift; sourceTree = "<group>"; };
		253842B227FB86CF005AFD1D /* WindowSetupTask.swift */ = {isa = PBXFileReference; lastKnownFileType = sourcecode.swift; path = WindowSetupTask.swift; sourceTree = "<group>"; };
		254C217F27F85752005F900F /* TechTest.app */ = {isa = PBXFileReference; explicitFileType = wrapper.application; includeInIndex = 0; path = TechTest.app; sourceTree = BUILT_PRODUCTS_DIR; };
		254C218227F85752005F900F /* AppDelegate.swift */ = {isa = PBXFileReference; lastKnownFileType = sourcecode.swift; path = AppDelegate.swift; sourceTree = "<group>"; };
		254C218427F85752005F900F /* SceneDelegate.swift */ = {isa = PBXFileReference; lastKnownFileType = sourcecode.swift; path = SceneDelegate.swift; sourceTree = "<group>"; };
		254C218627F85752005F900F /* MarvelListViewController.swift */ = {isa = PBXFileReference; lastKnownFileType = sourcecode.swift; path = MarvelListViewController.swift; sourceTree = "<group>"; };
		254C218927F85752005F900F /* Base */ = {isa = PBXFileReference; lastKnownFileType = file.storyboard; name = Base; path = Base.lproj/Main.storyboard; sourceTree = "<group>"; };
		254C218B27F85753005F900F /* Assets.xcassets */ = {isa = PBXFileReference; lastKnownFileType = folder.assetcatalog; path = Assets.xcassets; sourceTree = "<group>"; };
		254C218E27F85753005F900F /* Base */ = {isa = PBXFileReference; lastKnownFileType = file.storyboard; name = Base; path = Base.lproj/LaunchScreen.storyboard; sourceTree = "<group>"; };
		254C219027F85753005F900F /* Info.plist */ = {isa = PBXFileReference; lastKnownFileType = text.plist.xml; path = Info.plist; sourceTree = "<group>"; };
		254C219527F85753005F900F /* TechTestTests.xctest */ = {isa = PBXFileReference; explicitFileType = wrapper.cfbundle; includeInIndex = 0; path = TechTestTests.xctest; sourceTree = BUILT_PRODUCTS_DIR; };
		254C219927F85753005F900F /* TechTestTests.swift */ = {isa = PBXFileReference; lastKnownFileType = sourcecode.swift; path = TechTestTests.swift; sourceTree = "<group>"; };
		254C219F27F85753005F900F /* TechTestUITests.xctest */ = {isa = PBXFileReference; explicitFileType = wrapper.cfbundle; includeInIndex = 0; path = TechTestUITests.xctest; sourceTree = BUILT_PRODUCTS_DIR; };
		254C21A327F85753005F900F /* TechTestUITests.swift */ = {isa = PBXFileReference; lastKnownFileType = sourcecode.swift; path = TechTestUITests.swift; sourceTree = "<group>"; };
		254C21A527F85753005F900F /* TechTestUITestsLaunchTests.swift */ = {isa = PBXFileReference; lastKnownFileType = sourcecode.swift; path = TechTestUITestsLaunchTests.swift; sourceTree = "<group>"; };
		254C232827F8A6B4005F900F /* MarvelListPresenter.swift */ = {isa = PBXFileReference; lastKnownFileType = sourcecode.swift; path = MarvelListPresenter.swift; sourceTree = "<group>"; };
		254C24A127F98A6E005F900F /* Mockfile */ = {isa = PBXFileReference; fileEncoding = 4; lastKnownFileType = text; path = Mockfile; sourceTree = SOURCE_ROOT; };
		258B9F0527FB8DAA00E02DF3 /* MarvelList.storyboard */ = {isa = PBXFileReference; lastKnownFileType = file.storyboard; path = MarvelList.storyboard; sourceTree = "<group>"; };
		25D0DE0B2801959500AC7D67 /* Core.framework */ = {isa = PBXFileReference; explicitFileType = wrapper.framework; path = Core.framework; sourceTree = BUILT_PRODUCTS_DIR; };
		25FDDD972802DE3800DB0C48 /* BaseViewController.swift */ = {isa = PBXFileReference; lastKnownFileType = sourcecode.swift; path = BaseViewController.swift; sourceTree = "<group>"; };
		25FDDD992802DF6A00DB0C48 /* BasePresenter.swift */ = {isa = PBXFileReference; lastKnownFileType = sourcecode.swift; path = BasePresenter.swift; sourceTree = "<group>"; };
		25FDDF062802E4B200DB0C48 /* LoadingView.xib */ = {isa = PBXFileReference; fileEncoding = 4; lastKnownFileType = file.xib; path = LoadingView.xib; sourceTree = "<group>"; };
		25FDDF072802E4B200DB0C48 /* LoadingView.swift */ = {isa = PBXFileReference; fileEncoding = 4; lastKnownFileType = sourcecode.swift; path = LoadingView.swift; sourceTree = "<group>"; };
		25FDDF0B2802E87700DB0C48 /* Images.xcassets */ = {isa = PBXFileReference; lastKnownFileType = folder.assetcatalog; path = Images.xcassets; sourceTree = "<group>"; };
		25FDDF0E2802E8F800DB0C48 /* assets-images.swift */ = {isa = PBXFileReference; lastKnownFileType = sourcecode.swift; path = "assets-images.swift"; sourceTree = "<group>"; };
		25FDDF152802EF9800DB0C48 /* en */ = {isa = PBXFileReference; lastKnownFileType = text.plist.strings; name = en; path = en.lproj/Localizable.strings; sourceTree = "<group>"; };
		25FDDF172802EFAF00DB0C48 /* es */ = {isa = PBXFileReference; lastKnownFileType = text.plist.strings; name = es; path = es.lproj/Localizable.strings; sourceTree = "<group>"; };
		25FDDF182802F02600DB0C48 /* Strings.swift */ = {isa = PBXFileReference; lastKnownFileType = sourcecode.swift; path = Strings.swift; sourceTree = "<group>"; };
		25FDDF1B2802F4E800DB0C48 /* UIView+Load.swift */ = {isa = PBXFileReference; lastKnownFileType = sourcecode.swift; path = "UIView+Load.swift"; sourceTree = "<group>"; };
		25FDDF1E2802F8EC00DB0C48 /* MarvelListServiceProvider.swift */ = {isa = PBXFileReference; lastKnownFileType = sourcecode.swift; path = MarvelListServiceProvider.swift; sourceTree = "<group>"; };
		25FDDF202802F96700DB0C48 /* MarvelListService.swift */ = {isa = PBXFileReference; lastKnownFileType = sourcecode.swift; path = MarvelListService.swift; sourceTree = "<group>"; };
		25FDDF222802FA2000DB0C48 /* UIStoryboard+instantiate.swift */ = {isa = PBXFileReference; lastKnownFileType = sourcecode.swift; path = "UIStoryboard+instantiate.swift"; sourceTree = "<group>"; };
		4D7E87C9A502FB30136CCF6D /* Pods-TechTest.debug.xcconfig */ = {isa = PBXFileReference; includeInIndex = 1; lastKnownFileType = text.xcconfig; name = "Pods-TechTest.debug.xcconfig"; path = "Target Support Files/Pods-TechTest/Pods-TechTest.debug.xcconfig"; sourceTree = "<group>"; };
		6A8E238B5D0A3597BA1702CD /* Pods-TechTest-TechTestUITests.debug.xcconfig */ = {isa = PBXFileReference; includeInIndex = 1; lastKnownFileType = text.xcconfig; name = "Pods-TechTest-TechTestUITests.debug.xcconfig"; path = "Target Support Files/Pods-TechTest-TechTestUITests/Pods-TechTest-TechTestUITests.debug.xcconfig"; sourceTree = "<group>"; };
		8379ABE9AFC2532EB0A64EE3 /* Pods-TechTestTests.release.xcconfig */ = {isa = PBXFileReference; includeInIndex = 1; lastKnownFileType = text.xcconfig; name = "Pods-TechTestTests.release.xcconfig"; path = "Target Support Files/Pods-TechTestTests/Pods-TechTestTests.release.xcconfig"; sourceTree = "<group>"; };
		8E2367A55C6D7A0D7C4166E4 /* Pods_TechTest.framework */ = {isa = PBXFileReference; explicitFileType = wrapper.framework; includeInIndex = 0; path = Pods_TechTest.framework; sourceTree = BUILT_PRODUCTS_DIR; };
		9A6D079E3D5E945CEC89752C /* Pods_TechTest_TechTestUITests.framework */ = {isa = PBXFileReference; explicitFileType = wrapper.framework; includeInIndex = 0; path = Pods_TechTest_TechTestUITests.framework; sourceTree = BUILT_PRODUCTS_DIR; };
		A66CDF5826381B44965BAE23 /* Pods_TechTestTests.framework */ = {isa = PBXFileReference; explicitFileType = wrapper.framework; includeInIndex = 0; path = Pods_TechTestTests.framework; sourceTree = BUILT_PRODUCTS_DIR; };
		B2ABA0E73E3FBEB387EB2798 /* Pods-TechTest-TechTestUITests.release.xcconfig */ = {isa = PBXFileReference; includeInIndex = 1; lastKnownFileType = text.xcconfig; name = "Pods-TechTest-TechTestUITests.release.xcconfig"; path = "Target Support Files/Pods-TechTest-TechTestUITests/Pods-TechTest-TechTestUITests.release.xcconfig"; sourceTree = "<group>"; };
		D93121BBCA7131558EEF6F2E /* Pods-TechTestTests.debug.xcconfig */ = {isa = PBXFileReference; includeInIndex = 1; lastKnownFileType = text.xcconfig; name = "Pods-TechTestTests.debug.xcconfig"; path = "Target Support Files/Pods-TechTestTests/Pods-TechTestTests.debug.xcconfig"; sourceTree = "<group>"; };
/* End PBXFileReference section */

/* Begin PBXFrameworksBuildPhase section */
		254C217C27F85752005F900F /* Frameworks */ = {
			isa = PBXFrameworksBuildPhase;
			buildActionMask = 2147483647;
			files = (
				E8425730471B4CEFAB5B85E9 /* Pods_TechTest.framework in Frameworks */,
				25D0DE0C2801959600AC7D67 /* Core.framework in Frameworks */,
			);
			runOnlyForDeploymentPostprocessing = 0;
		};
		254C219227F85753005F900F /* Frameworks */ = {
			isa = PBXFrameworksBuildPhase;
			buildActionMask = 2147483647;
			files = (
				4BC39883C7E78A5046C8C9FF /* Pods_TechTestTests.framework in Frameworks */,
			);
			runOnlyForDeploymentPostprocessing = 0;
		};
		254C219C27F85753005F900F /* Frameworks */ = {
			isa = PBXFrameworksBuildPhase;
			buildActionMask = 2147483647;
			files = (
				E2BA31A0E0557C6192975A0B /* Pods_TechTest_TechTestUITests.framework in Frameworks */,
			);
			runOnlyForDeploymentPostprocessing = 0;
		};
/* End PBXFrameworksBuildPhase section */

/* Begin PBXGroup section */
		253842AB27FB84AD005AFD1D /* App Startup */ = {
			isa = PBXGroup;
			children = (
				254C218227F85752005F900F /* AppDelegate.swift */,
				254C218427F85752005F900F /* SceneDelegate.swift */,
				253842AC27FB84C6005AFD1D /* AppServiceProvider.swift */,
				253842AE27FB8518005AFD1D /* AppUITask.swift */,
				253842B227FB86CF005AFD1D /* WindowSetupTask.swift */,
			);
			path = "App Startup";
			sourceTree = "<group>";
		};
		254C217627F85752005F900F = {
			isa = PBXGroup;
			children = (
				254C218127F85752005F900F /* TechTest */,
				254C219827F85753005F900F /* TechTestTests */,
				254C21A227F85753005F900F /* TechTestUITests */,
				254C218027F85752005F900F /* Products */,
				A877A976F0EFD2D5489F325C /* Pods */,
				BB34E370A1C866B2ACA50FFB /* Frameworks */,
			);
			sourceTree = "<group>";
		};
		254C218027F85752005F900F /* Products */ = {
			isa = PBXGroup;
			children = (
				254C217F27F85752005F900F /* TechTest.app */,
				254C219527F85753005F900F /* TechTestTests.xctest */,
				254C219F27F85753005F900F /* TechTestUITests.xctest */,
			);
			name = Products;
			sourceTree = "<group>";
		};
		254C218127F85752005F900F /* TechTest */ = {
			isa = PBXGroup;
			children = (
				253842AB27FB84AD005AFD1D /* App Startup */,
				25FDDF1D2802F8D000DB0C48 /* MarvelList */,
				25FDDF1B2802F4E800DB0C48 /* UIView+Load.swift */,
				25FDDF222802FA2000DB0C48 /* UIStoryboard+instantiate.swift */,
				25FDDF0A2802E4B600DB0C48 /* LoadingView */,
				25FDDF052802E2F700DB0C48 /* Bases */,
				254C218827F85752005F900F /* Main.storyboard */,
				25FDDF0D2802E8B300DB0C48 /* Resources */,
				254C219027F85753005F900F /* Info.plist */,
			);
			path = TechTest;
			sourceTree = "<group>";
		};
		254C219827F85753005F900F /* TechTestTests */ = {
			isa = PBXGroup;
			children = (
				254C24A127F98A6E005F900F /* Mockfile */,
				254C219927F85753005F900F /* TechTestTests.swift */,
			);
			path = TechTestTests;
			sourceTree = "<group>";
		};
		254C21A227F85753005F900F /* TechTestUITests */ = {
			isa = PBXGroup;
			children = (
				254C21A327F85753005F900F /* TechTestUITests.swift */,
				254C21A527F85753005F900F /* TechTestUITestsLaunchTests.swift */,
			);
			path = TechTestUITests;
			sourceTree = "<group>";
		};
		25FDDF052802E2F700DB0C48 /* Bases */ = {
			isa = PBXGroup;
			children = (
				25FDDD972802DE3800DB0C48 /* BaseViewController.swift */,
				25FDDD992802DF6A00DB0C48 /* BasePresenter.swift */,
			);
			path = Bases;
			sourceTree = "<group>";
		};
		25FDDF0A2802E4B600DB0C48 /* LoadingView */ = {
			isa = PBXGroup;
			children = (
				25FDDF072802E4B200DB0C48 /* LoadingView.swift */,
				25FDDF062802E4B200DB0C48 /* LoadingView.xib */,
			);
			path = LoadingView;
			sourceTree = "<group>";
		};
		25FDDF0D2802E8B300DB0C48 /* Resources */ = {
			isa = PBXGroup;
			children = (
				254C218B27F85753005F900F /* Assets.xcassets */,
				25FDDF0B2802E87700DB0C48 /* Images.xcassets */,
				254C218D27F85753005F900F /* LaunchScreen.storyboard */,
				25FDDF102802E8FC00DB0C48 /* Generated */,
				25FDDF162802EF9800DB0C48 /* Localizable.strings */,
			);
			path = Resources;
			sourceTree = "<group>";
		};
		25FDDF102802E8FC00DB0C48 /* Generated */ = {
			isa = PBXGroup;
			children = (
				25FDDF0E2802E8F800DB0C48 /* assets-images.swift */,
				25FDDF182802F02600DB0C48 /* Strings.swift */,
			);
			path = Generated;
			sourceTree = "<group>";
		};
		25FDDF1D2802F8D000DB0C48 /* MarvelList */ = {
			isa = PBXGroup;
			children = (
				254C218627F85752005F900F /* MarvelListViewController.swift */,
				258B9F0527FB8DAA00E02DF3 /* MarvelList.storyboard */,
				254C232827F8A6B4005F900F /* MarvelListPresenter.swift */,
				25FDDF1E2802F8EC00DB0C48 /* MarvelListServiceProvider.swift */,
				25FDDF202802F96700DB0C48 /* MarvelListService.swift */,
			);
			path = MarvelList;
			sourceTree = "<group>";
		};
		A877A976F0EFD2D5489F325C /* Pods */ = {
			isa = PBXGroup;
			children = (
				4D7E87C9A502FB30136CCF6D /* Pods-TechTest.debug.xcconfig */,
				0C4AB8DD5AB33409C2602B2B /* Pods-TechTest.release.xcconfig */,
				6A8E238B5D0A3597BA1702CD /* Pods-TechTest-TechTestUITests.debug.xcconfig */,
				B2ABA0E73E3FBEB387EB2798 /* Pods-TechTest-TechTestUITests.release.xcconfig */,
				D93121BBCA7131558EEF6F2E /* Pods-TechTestTests.debug.xcconfig */,
				8379ABE9AFC2532EB0A64EE3 /* Pods-TechTestTests.release.xcconfig */,
			);
			path = Pods;
			sourceTree = "<group>";
		};
		BB34E370A1C866B2ACA50FFB /* Frameworks */ = {
			isa = PBXGroup;
			children = (
				25D0DE0B2801959500AC7D67 /* Core.framework */,
				8E2367A55C6D7A0D7C4166E4 /* Pods_TechTest.framework */,
				9A6D079E3D5E945CEC89752C /* Pods_TechTest_TechTestUITests.framework */,
				A66CDF5826381B44965BAE23 /* Pods_TechTestTests.framework */,
			);
			name = Frameworks;
			sourceTree = "<group>";
		};
/* End PBXGroup section */

/* Begin PBXNativeTarget section */
		254C217E27F85752005F900F /* TechTest */ = {
			isa = PBXNativeTarget;
			buildConfigurationList = 254C21A927F85753005F900F /* Build configuration list for PBXNativeTarget "TechTest" */;
			buildPhases = (
				568EBDBA309266FD7C54A97E /* [CP] Check Pods Manifest.lock */,
				254C217B27F85752005F900F /* Sources */,
				254C217C27F85752005F900F /* Frameworks */,
				254C217D27F85752005F900F /* Resources */,
				25D0DE0E2801959600AC7D67 /* Embed Frameworks */,
				DC998592595EE1486A16782A /* [CP] Embed Pods Frameworks */,
				25FDDF1A2802F44E00DB0C48 /* Swiftgen */,
			);
			buildRules = (
			);
			dependencies = (
			);
			name = TechTest;
			productName = TechTest;
			productReference = 254C217F27F85752005F900F /* TechTest.app */;
			productType = "com.apple.product-type.application";
		};
		254C219427F85753005F900F /* TechTestTests */ = {
			isa = PBXNativeTarget;
			buildConfigurationList = 254C21AC27F85753005F900F /* Build configuration list for PBXNativeTarget "TechTestTests" */;
			buildPhases = (
				7D80F9DA85FB93F99EA67849 /* [CP] Check Pods Manifest.lock */,
				254C219127F85753005F900F /* Sources */,
				254C219227F85753005F900F /* Frameworks */,
				254C219327F85753005F900F /* Resources */,
				51F2466CF944BA7D4DF65E72 /* [CP] Embed Pods Frameworks */,
			);
			buildRules = (
			);
			dependencies = (
				254C219727F85753005F900F /* PBXTargetDependency */,
			);
			name = TechTestTests;
			productName = TechTestTests;
			productReference = 254C219527F85753005F900F /* TechTestTests.xctest */;
			productType = "com.apple.product-type.bundle.unit-test";
		};
		254C219E27F85753005F900F /* TechTestUITests */ = {
			isa = PBXNativeTarget;
			buildConfigurationList = 254C21AF27F85753005F900F /* Build configuration list for PBXNativeTarget "TechTestUITests" */;
			buildPhases = (
				2A4F3D2DCBF82337EB0F7B04 /* [CP] Check Pods Manifest.lock */,
				254C219B27F85753005F900F /* Sources */,
				254C219C27F85753005F900F /* Frameworks */,
				254C219D27F85753005F900F /* Resources */,
				D83F9FD1A286B0F5ACBE20B9 /* [CP] Embed Pods Frameworks */,
			);
			buildRules = (
			);
			dependencies = (
				254C21A127F85753005F900F /* PBXTargetDependency */,
			);
			name = TechTestUITests;
			productName = TechTestUITests;
			productReference = 254C219F27F85753005F900F /* TechTestUITests.xctest */;
			productType = "com.apple.product-type.bundle.ui-testing";
		};
/* End PBXNativeTarget section */

/* Begin PBXProject section */
		254C217727F85752005F900F /* Project object */ = {
			isa = PBXProject;
			attributes = {
				BuildIndependentTargetsInParallel = 1;
				LastSwiftUpdateCheck = 1320;
				LastUpgradeCheck = 1320;
				TargetAttributes = {
					254C217E27F85752005F900F = {
						CreatedOnToolsVersion = 13.2.1;
					};
					254C219427F85753005F900F = {
						CreatedOnToolsVersion = 13.2.1;
						TestTargetID = 254C217E27F85752005F900F;
					};
					254C219E27F85753005F900F = {
						CreatedOnToolsVersion = 13.2.1;
						TestTargetID = 254C217E27F85752005F900F;
					};
				};
			};
			buildConfigurationList = 254C217A27F85752005F900F /* Build configuration list for PBXProject "TechTest" */;
			compatibilityVersion = "Xcode 13.0";
			developmentRegion = en;
			hasScannedForEncodings = 0;
			knownRegions = (
				en,
				Base,
				es,
			);
			mainGroup = 254C217627F85752005F900F;
			productRefGroup = 254C218027F85752005F900F /* Products */;
			projectDirPath = "";
			projectRoot = "";
			targets = (
				254C217E27F85752005F900F /* TechTest */,
				254C219427F85753005F900F /* TechTestTests */,
				254C219E27F85753005F900F /* TechTestUITests */,
			);
		};
/* End PBXProject section */

/* Begin PBXResourcesBuildPhase section */
		254C217D27F85752005F900F /* Resources */ = {
			isa = PBXResourcesBuildPhase;
			buildActionMask = 2147483647;
			files = (
				254C218F27F85753005F900F /* LaunchScreen.storyboard in Resources */,
				254C218C27F85753005F900F /* Assets.xcassets in Resources */,
				254C218A27F85752005F900F /* Main.storyboard in Resources */,
				25FDDF142802EF9800DB0C48 /* Localizable.strings in Resources */,
				25FDDF0C2802E87700DB0C48 /* Images.xcassets in Resources */,
				258B9F0627FB8DAA00E02DF3 /* MarvelList.storyboard in Resources */,
				25FDDF082802E4B200DB0C48 /* LoadingView.xib in Resources */,
			);
			runOnlyForDeploymentPostprocessing = 0;
		};
		254C219327F85753005F900F /* Resources */ = {
			isa = PBXResourcesBuildPhase;
			buildActionMask = 2147483647;
			files = (
				254C24A227F98A6E005F900F /* Mockfile in Resources */,
			);
			runOnlyForDeploymentPostprocessing = 0;
		};
		254C219D27F85753005F900F /* Resources */ = {
			isa = PBXResourcesBuildPhase;
			buildActionMask = 2147483647;
			files = (
			);
			runOnlyForDeploymentPostprocessing = 0;
		};
/* End PBXResourcesBuildPhase section */

/* Begin PBXShellScriptBuildPhase section */
		25FDDF1A2802F44E00DB0C48 /* Swiftgen */ = {
			isa = PBXShellScriptBuildPhase;
			buildActionMask = 2147483647;
			files = (
			);
			inputFileListPaths = (
			);
			inputPaths = (
			);
			name = Swiftgen;
			outputFileListPaths = (
			);
			outputPaths = (
			);
			runOnlyForDeploymentPostprocessing = 0;
			shellPath = /bin/sh;
			shellScript = "$PODS_ROOT/SwiftGen/bin/swiftgen\n";
		};
		2A4F3D2DCBF82337EB0F7B04 /* [CP] Check Pods Manifest.lock */ = {
			isa = PBXShellScriptBuildPhase;
			buildActionMask = 2147483647;
			files = (
			);
			inputFileListPaths = (
			);
			inputPaths = (
				"${PODS_PODFILE_DIR_PATH}/Podfile.lock",
				"${PODS_ROOT}/Manifest.lock",
			);
			name = "[CP] Check Pods Manifest.lock";
			outputFileListPaths = (
			);
			outputPaths = (
				"$(DERIVED_FILE_DIR)/Pods-TechTest-TechTestUITests-checkManifestLockResult.txt",
			);
			runOnlyForDeploymentPostprocessing = 0;
			shellPath = /bin/sh;
			shellScript = "diff \"${PODS_PODFILE_DIR_PATH}/Podfile.lock\" \"${PODS_ROOT}/Manifest.lock\" > /dev/null\nif [ $? != 0 ] ; then\n    # print error to STDERR\n    echo \"error: The sandbox is not in sync with the Podfile.lock. Run 'pod install' or update your CocoaPods installation.\" >&2\n    exit 1\nfi\n# This output is used by Xcode 'outputs' to avoid re-running this script phase.\necho \"SUCCESS\" > \"${SCRIPT_OUTPUT_FILE_0}\"\n";
			showEnvVarsInLog = 0;
		};
		51F2466CF944BA7D4DF65E72 /* [CP] Embed Pods Frameworks */ = {
			isa = PBXShellScriptBuildPhase;
			buildActionMask = 2147483647;
			files = (
			);
			inputFileListPaths = (
				"${PODS_ROOT}/Target Support Files/Pods-TechTestTests/Pods-TechTestTests-frameworks-${CONFIGURATION}-input-files.xcfilelist",
			);
			name = "[CP] Embed Pods Frameworks";
			outputFileListPaths = (
				"${PODS_ROOT}/Target Support Files/Pods-TechTestTests/Pods-TechTestTests-frameworks-${CONFIGURATION}-output-files.xcfilelist",
			);
			runOnlyForDeploymentPostprocessing = 0;
			shellPath = /bin/sh;
			shellScript = "\"${PODS_ROOT}/Target Support Files/Pods-TechTestTests/Pods-TechTestTests-frameworks.sh\"\n";
			showEnvVarsInLog = 0;
		};
		568EBDBA309266FD7C54A97E /* [CP] Check Pods Manifest.lock */ = {
			isa = PBXShellScriptBuildPhase;
			buildActionMask = 2147483647;
			files = (
			);
			inputFileListPaths = (
			);
			inputPaths = (
				"${PODS_PODFILE_DIR_PATH}/Podfile.lock",
				"${PODS_ROOT}/Manifest.lock",
			);
			name = "[CP] Check Pods Manifest.lock";
			outputFileListPaths = (
			);
			outputPaths = (
				"$(DERIVED_FILE_DIR)/Pods-TechTest-checkManifestLockResult.txt",
			);
			runOnlyForDeploymentPostprocessing = 0;
			shellPath = /bin/sh;
			shellScript = "diff \"${PODS_PODFILE_DIR_PATH}/Podfile.lock\" \"${PODS_ROOT}/Manifest.lock\" > /dev/null\nif [ $? != 0 ] ; then\n    # print error to STDERR\n    echo \"error: The sandbox is not in sync with the Podfile.lock. Run 'pod install' or update your CocoaPods installation.\" >&2\n    exit 1\nfi\n# This output is used by Xcode 'outputs' to avoid re-running this script phase.\necho \"SUCCESS\" > \"${SCRIPT_OUTPUT_FILE_0}\"\n";
			showEnvVarsInLog = 0;
		};
		7D80F9DA85FB93F99EA67849 /* [CP] Check Pods Manifest.lock */ = {
			isa = PBXShellScriptBuildPhase;
			buildActionMask = 2147483647;
			files = (
			);
			inputFileListPaths = (
			);
			inputPaths = (
				"${PODS_PODFILE_DIR_PATH}/Podfile.lock",
				"${PODS_ROOT}/Manifest.lock",
			);
			name = "[CP] Check Pods Manifest.lock";
			outputFileListPaths = (
			);
			outputPaths = (
				"$(DERIVED_FILE_DIR)/Pods-TechTestTests-checkManifestLockResult.txt",
			);
			runOnlyForDeploymentPostprocessing = 0;
			shellPath = /bin/sh;
			shellScript = "diff \"${PODS_PODFILE_DIR_PATH}/Podfile.lock\" \"${PODS_ROOT}/Manifest.lock\" > /dev/null\nif [ $? != 0 ] ; then\n    # print error to STDERR\n    echo \"error: The sandbox is not in sync with the Podfile.lock. Run 'pod install' or update your CocoaPods installation.\" >&2\n    exit 1\nfi\n# This output is used by Xcode 'outputs' to avoid re-running this script phase.\necho \"SUCCESS\" > \"${SCRIPT_OUTPUT_FILE_0}\"\n";
			showEnvVarsInLog = 0;
		};
		D83F9FD1A286B0F5ACBE20B9 /* [CP] Embed Pods Frameworks */ = {
			isa = PBXShellScriptBuildPhase;
			buildActionMask = 2147483647;
			files = (
			);
			inputFileListPaths = (
				"${PODS_ROOT}/Target Support Files/Pods-TechTest-TechTestUITests/Pods-TechTest-TechTestUITests-frameworks-${CONFIGURATION}-input-files.xcfilelist",
			);
			name = "[CP] Embed Pods Frameworks";
			outputFileListPaths = (
				"${PODS_ROOT}/Target Support Files/Pods-TechTest-TechTestUITests/Pods-TechTest-TechTestUITests-frameworks-${CONFIGURATION}-output-files.xcfilelist",
			);
			runOnlyForDeploymentPostprocessing = 0;
			shellPath = /bin/sh;
			shellScript = "\"${PODS_ROOT}/Target Support Files/Pods-TechTest-TechTestUITests/Pods-TechTest-TechTestUITests-frameworks.sh\"\n";
			showEnvVarsInLog = 0;
		};
		DC998592595EE1486A16782A /* [CP] Embed Pods Frameworks */ = {
			isa = PBXShellScriptBuildPhase;
			buildActionMask = 2147483647;
			files = (
			);
			inputFileListPaths = (
				"${PODS_ROOT}/Target Support Files/Pods-TechTest/Pods-TechTest-frameworks-${CONFIGURATION}-input-files.xcfilelist",
			);
			name = "[CP] Embed Pods Frameworks";
			outputFileListPaths = (
				"${PODS_ROOT}/Target Support Files/Pods-TechTest/Pods-TechTest-frameworks-${CONFIGURATION}-output-files.xcfilelist",
			);
			runOnlyForDeploymentPostprocessing = 0;
			shellPath = /bin/sh;
			shellScript = "\"${PODS_ROOT}/Target Support Files/Pods-TechTest/Pods-TechTest-frameworks.sh\"\n";
			showEnvVarsInLog = 0;
		};
/* End PBXShellScriptBuildPhase section */

/* Begin PBXSourcesBuildPhase section */
		254C217B27F85752005F900F /* Sources */ = {
			isa = PBXSourcesBuildPhase;
			buildActionMask = 2147483647;
			files = (
				254C232927F8A6B4005F900F /* MarvelListPresenter.swift in Sources */,
				25FDDD9A2802DF6A00DB0C48 /* BasePresenter.swift in Sources */,
				254C218727F85752005F900F /* MarvelListViewController.swift in Sources */,
				25FDDF092802E4B200DB0C48 /* LoadingView.swift in Sources */,
				25FDDF0F2802E8F800DB0C48 /* assets-images.swift in Sources */,
				254C218327F85752005F900F /* AppDelegate.swift in Sources */,
				254C218527F85752005F900F /* SceneDelegate.swift in Sources */,
				253842B327FB86CF005AFD1D /* WindowSetupTask.swift in Sources */,
				25FDDD982802DE3800DB0C48 /* BaseViewController.swift in Sources */,
				25FDDF1C2802F4E800DB0C48 /* UIView+Load.swift in Sources */,
				253842AF27FB8518005AFD1D /* AppUITask.swift in Sources */,
				25FDDF1F2802F8EC00DB0C48 /* MarvelListServiceProvider.swift in Sources */,
				25FDDF192802F02600DB0C48 /* Strings.swift in Sources */,
				253842AD27FB84C6005AFD1D /* AppServiceProvider.swift in Sources */,
				25FDDF212802F96700DB0C48 /* MarvelListService.swift in Sources */,
				25FDDF232802FA2000DB0C48 /* UIStoryboard+instantiate.swift in Sources */,
			);
			runOnlyForDeploymentPostprocessing = 0;
		};
		254C219127F85753005F900F /* Sources */ = {
			isa = PBXSourcesBuildPhase;
			buildActionMask = 2147483647;
			files = (
				254C219A27F85753005F900F /* TechTestTests.swift in Sources */,
			);
			runOnlyForDeploymentPostprocessing = 0;
		};
		254C219B27F85753005F900F /* Sources */ = {
			isa = PBXSourcesBuildPhase;
			buildActionMask = 2147483647;
			files = (
				254C21A627F85753005F900F /* TechTestUITestsLaunchTests.swift in Sources */,
				254C21A427F85753005F900F /* TechTestUITests.swift in Sources */,
			);
			runOnlyForDeploymentPostprocessing = 0;
		};
/* End PBXSourcesBuildPhase section */

/* Begin PBXTargetDependency section */
		254C219727F85753005F900F /* PBXTargetDependency */ = {
			isa = PBXTargetDependency;
			target = 254C217E27F85752005F900F /* TechTest */;
			targetProxy = 254C219627F85753005F900F /* PBXContainerItemProxy */;
		};
		254C21A127F85753005F900F /* PBXTargetDependency */ = {
			isa = PBXTargetDependency;
			target = 254C217E27F85752005F900F /* TechTest */;
			targetProxy = 254C21A027F85753005F900F /* PBXContainerItemProxy */;
		};
/* End PBXTargetDependency section */

/* Begin PBXVariantGroup section */
		254C218827F85752005F900F /* Main.storyboard */ = {
			isa = PBXVariantGroup;
			children = (
				254C218927F85752005F900F /* Base */,
			);
			name = Main.storyboard;
			sourceTree = "<group>";
		};
		254C218D27F85753005F900F /* LaunchScreen.storyboard */ = {
			isa = PBXVariantGroup;
			children = (
				254C218E27F85753005F900F /* Base */,
			);
			name = LaunchScreen.storyboard;
			sourceTree = "<group>";
		};
		25FDDF162802EF9800DB0C48 /* Localizable.strings */ = {
			isa = PBXVariantGroup;
			children = (
				25FDDF152802EF9800DB0C48 /* en */,
				25FDDF172802EFAF00DB0C48 /* es */,
			);
			name = Localizable.strings;
			sourceTree = "<group>";
		};
/* End PBXVariantGroup section */

/* Begin XCBuildConfiguration section */
		254C21A727F85753005F900F /* Debug */ = {
			isa = XCBuildConfiguration;
			buildSettings = {
				ALWAYS_SEARCH_USER_PATHS = NO;
				CLANG_ANALYZER_LOCALIZABILITY_NONLOCALIZED = YES;
				CLANG_ANALYZER_NONNULL = YES;
				CLANG_ANALYZER_NUMBER_OBJECT_CONVERSION = YES_AGGRESSIVE;
				CLANG_CXX_LANGUAGE_STANDARD = "gnu++17";
				CLANG_CXX_LIBRARY = "libc++";
				CLANG_ENABLE_MODULES = YES;
				CLANG_ENABLE_OBJC_ARC = YES;
				CLANG_ENABLE_OBJC_WEAK = YES;
				CLANG_WARN_BLOCK_CAPTURE_AUTORELEASING = YES;
				CLANG_WARN_BOOL_CONVERSION = YES;
				CLANG_WARN_COMMA = YES;
				CLANG_WARN_CONSTANT_CONVERSION = YES;
				CLANG_WARN_DEPRECATED_OBJC_IMPLEMENTATIONS = YES;
				CLANG_WARN_DIRECT_OBJC_ISA_USAGE = YES_ERROR;
				CLANG_WARN_DOCUMENTATION_COMMENTS = YES;
				CLANG_WARN_EMPTY_BODY = YES;
				CLANG_WARN_ENUM_CONVERSION = YES;
				CLANG_WARN_INFINITE_RECURSION = YES;
				CLANG_WARN_INT_CONVERSION = YES;
				CLANG_WARN_NON_LITERAL_NULL_CONVERSION = YES;
				CLANG_WARN_OBJC_IMPLICIT_RETAIN_SELF = YES;
				CLANG_WARN_OBJC_LITERAL_CONVERSION = YES;
				CLANG_WARN_OBJC_ROOT_CLASS = YES_ERROR;
				CLANG_WARN_QUOTED_INCLUDE_IN_FRAMEWORK_HEADER = YES;
				CLANG_WARN_RANGE_LOOP_ANALYSIS = YES;
				CLANG_WARN_STRICT_PROTOTYPES = YES;
				CLANG_WARN_SUSPICIOUS_MOVE = YES;
				CLANG_WARN_UNGUARDED_AVAILABILITY = YES_AGGRESSIVE;
				CLANG_WARN_UNREACHABLE_CODE = YES;
				CLANG_WARN__DUPLICATE_METHOD_MATCH = YES;
				COPY_PHASE_STRIP = NO;
				DEBUG_INFORMATION_FORMAT = dwarf;
				ENABLE_STRICT_OBJC_MSGSEND = YES;
				ENABLE_TESTABILITY = YES;
				GCC_C_LANGUAGE_STANDARD = gnu11;
				GCC_DYNAMIC_NO_PIC = NO;
				GCC_NO_COMMON_BLOCKS = YES;
				GCC_OPTIMIZATION_LEVEL = 0;
				GCC_PREPROCESSOR_DEFINITIONS = (
					"DEBUG=1",
					"$(inherited)",
				);
				GCC_WARN_64_TO_32_BIT_CONVERSION = YES;
				GCC_WARN_ABOUT_RETURN_TYPE = YES_ERROR;
				GCC_WARN_UNDECLARED_SELECTOR = YES;
				GCC_WARN_UNINITIALIZED_AUTOS = YES_AGGRESSIVE;
				GCC_WARN_UNUSED_FUNCTION = YES;
				GCC_WARN_UNUSED_VARIABLE = YES;
				IPHONEOS_DEPLOYMENT_TARGET = 14.1;
				MTL_ENABLE_DEBUG_INFO = INCLUDE_SOURCE;
				MTL_FAST_MATH = YES;
				ONLY_ACTIVE_ARCH = YES;
				SDKROOT = iphoneos;
				SWIFT_ACTIVE_COMPILATION_CONDITIONS = DEBUG;
				SWIFT_OPTIMIZATION_LEVEL = "-Onone";
			};
			name = Debug;
		};
		254C21A827F85753005F900F /* Release */ = {
			isa = XCBuildConfiguration;
			buildSettings = {
				ALWAYS_SEARCH_USER_PATHS = NO;
				CLANG_ANALYZER_LOCALIZABILITY_NONLOCALIZED = YES;
				CLANG_ANALYZER_NONNULL = YES;
				CLANG_ANALYZER_NUMBER_OBJECT_CONVERSION = YES_AGGRESSIVE;
				CLANG_CXX_LANGUAGE_STANDARD = "gnu++17";
				CLANG_CXX_LIBRARY = "libc++";
				CLANG_ENABLE_MODULES = YES;
				CLANG_ENABLE_OBJC_ARC = YES;
				CLANG_ENABLE_OBJC_WEAK = YES;
				CLANG_WARN_BLOCK_CAPTURE_AUTORELEASING = YES;
				CLANG_WARN_BOOL_CONVERSION = YES;
				CLANG_WARN_COMMA = YES;
				CLANG_WARN_CONSTANT_CONVERSION = YES;
				CLANG_WARN_DEPRECATED_OBJC_IMPLEMENTATIONS = YES;
				CLANG_WARN_DIRECT_OBJC_ISA_USAGE = YES_ERROR;
				CLANG_WARN_DOCUMENTATION_COMMENTS = YES;
				CLANG_WARN_EMPTY_BODY = YES;
				CLANG_WARN_ENUM_CONVERSION = YES;
				CLANG_WARN_INFINITE_RECURSION = YES;
				CLANG_WARN_INT_CONVERSION = YES;
				CLANG_WARN_NON_LITERAL_NULL_CONVERSION = YES;
				CLANG_WARN_OBJC_IMPLICIT_RETAIN_SELF = YES;
				CLANG_WARN_OBJC_LITERAL_CONVERSION = YES;
				CLANG_WARN_OBJC_ROOT_CLASS = YES_ERROR;
				CLANG_WARN_QUOTED_INCLUDE_IN_FRAMEWORK_HEADER = YES;
				CLANG_WARN_RANGE_LOOP_ANALYSIS = YES;
				CLANG_WARN_STRICT_PROTOTYPES = YES;
				CLANG_WARN_SUSPICIOUS_MOVE = YES;
				CLANG_WARN_UNGUARDED_AVAILABILITY = YES_AGGRESSIVE;
				CLANG_WARN_UNREACHABLE_CODE = YES;
				CLANG_WARN__DUPLICATE_METHOD_MATCH = YES;
				COPY_PHASE_STRIP = NO;
				DEBUG_INFORMATION_FORMAT = "dwarf-with-dsym";
				ENABLE_NS_ASSERTIONS = NO;
				ENABLE_STRICT_OBJC_MSGSEND = YES;
				GCC_C_LANGUAGE_STANDARD = gnu11;
				GCC_NO_COMMON_BLOCKS = YES;
				GCC_WARN_64_TO_32_BIT_CONVERSION = YES;
				GCC_WARN_ABOUT_RETURN_TYPE = YES_ERROR;
				GCC_WARN_UNDECLARED_SELECTOR = YES;
				GCC_WARN_UNINITIALIZED_AUTOS = YES_AGGRESSIVE;
				GCC_WARN_UNUSED_FUNCTION = YES;
				GCC_WARN_UNUSED_VARIABLE = YES;
				IPHONEOS_DEPLOYMENT_TARGET = 14.1;
				MTL_ENABLE_DEBUG_INFO = NO;
				MTL_FAST_MATH = YES;
				SDKROOT = iphoneos;
				SWIFT_COMPILATION_MODE = wholemodule;
				SWIFT_OPTIMIZATION_LEVEL = "-O";
				VALIDATE_PRODUCT = YES;
			};
			name = Release;
		};
		254C21AA27F85753005F900F /* Debug */ = {
			isa = XCBuildConfiguration;
			baseConfigurationReference = 4D7E87C9A502FB30136CCF6D /* Pods-TechTest.debug.xcconfig */;
			buildSettings = {
				ASSETCATALOG_COMPILER_APPICON_NAME = AppIcon;
				ASSETCATALOG_COMPILER_GLOBAL_ACCENT_COLOR_NAME = AccentColor;
				CODE_SIGN_STYLE = Automatic;
				CURRENT_PROJECT_VERSION = 1;
				DEVELOPMENT_TEAM = 8FUDH43EDG;
				GENERATE_INFOPLIST_FILE = YES;
				INFOPLIST_FILE = TechTest/Info.plist;
				INFOPLIST_KEY_UIApplicationSupportsIndirectInputEvents = YES;
				INFOPLIST_KEY_UILaunchStoryboardName = LaunchScreen;
				INFOPLIST_KEY_UISupportedInterfaceOrientations_iPad = "UIInterfaceOrientationPortrait UIInterfaceOrientationPortraitUpsideDown UIInterfaceOrientationLandscapeLeft UIInterfaceOrientationLandscapeRight";
				INFOPLIST_KEY_UISupportedInterfaceOrientations_iPhone = "UIInterfaceOrientationPortrait UIInterfaceOrientationLandscapeLeft UIInterfaceOrientationLandscapeRight";
				IPHONEOS_DEPLOYMENT_TARGET = 14.1;
				LD_RUNPATH_SEARCH_PATHS = (
					"$(inherited)",
					"@executable_path/Frameworks",
				);
				MARKETING_VERSION = 1.0;
				PRODUCT_BUNDLE_IDENTIFIER = com.limaraxa.techtest.TechTest;
				PRODUCT_NAME = "$(TARGET_NAME)";
				SWIFT_EMIT_LOC_STRINGS = YES;
				SWIFT_VERSION = 5.0;
				TARGETED_DEVICE_FAMILY = "1,2";
			};
			name = Debug;
		};
		254C21AB27F85753005F900F /* Release */ = {
			isa = XCBuildConfiguration;
			baseConfigurationReference = 0C4AB8DD5AB33409C2602B2B /* Pods-TechTest.release.xcconfig */;
			buildSettings = {
				ASSETCATALOG_COMPILER_APPICON_NAME = AppIcon;
				ASSETCATALOG_COMPILER_GLOBAL_ACCENT_COLOR_NAME = AccentColor;
				CODE_SIGN_STYLE = Automatic;
				CURRENT_PROJECT_VERSION = 1;
				DEVELOPMENT_TEAM = 8FUDH43EDG;
				GENERATE_INFOPLIST_FILE = YES;
				INFOPLIST_FILE = TechTest/Info.plist;
				INFOPLIST_KEY_UIApplicationSupportsIndirectInputEvents = YES;
				INFOPLIST_KEY_UILaunchStoryboardName = LaunchScreen;
				INFOPLIST_KEY_UISupportedInterfaceOrientations_iPad = "UIInterfaceOrientationPortrait UIInterfaceOrientationPortraitUpsideDown UIInterfaceOrientationLandscapeLeft UIInterfaceOrientationLandscapeRight";
				INFOPLIST_KEY_UISupportedInterfaceOrientations_iPhone = "UIInterfaceOrientationPortrait UIInterfaceOrientationLandscapeLeft UIInterfaceOrientationLandscapeRight";
				IPHONEOS_DEPLOYMENT_TARGET = 14.1;
				LD_RUNPATH_SEARCH_PATHS = (
					"$(inherited)",
					"@executable_path/Frameworks",
				);
				MARKETING_VERSION = 1.0;
				PRODUCT_BUNDLE_IDENTIFIER = com.limaraxa.techtest.TechTest;
				PRODUCT_NAME = "$(TARGET_NAME)";
				SWIFT_EMIT_LOC_STRINGS = YES;
				SWIFT_VERSION = 5.0;
				TARGETED_DEVICE_FAMILY = "1,2";
			};
			name = Release;
		};
		254C21AD27F85753005F900F /* Debug */ = {
			isa = XCBuildConfiguration;
			baseConfigurationReference = D93121BBCA7131558EEF6F2E /* Pods-TechTestTests.debug.xcconfig */;
			buildSettings = {
				BUNDLE_LOADER = "$(TEST_HOST)";
				CODE_SIGN_STYLE = Automatic;
				CURRENT_PROJECT_VERSION = 1;
				DEVELOPMENT_TEAM = 8FUDH43EDG;
				GENERATE_INFOPLIST_FILE = YES;
				IPHONEOS_DEPLOYMENT_TARGET = 15.2;
				MARKETING_VERSION = 1.0;
				PRODUCT_BUNDLE_IDENTIFIER = com.limaraxa.techtest.TechTestTests;
				PRODUCT_NAME = "$(TARGET_NAME)";
				SWIFT_EMIT_LOC_STRINGS = NO;
				SWIFT_VERSION = 5.0;
				TARGETED_DEVICE_FAMILY = "1,2";
				TEST_HOST = "$(BUILT_PRODUCTS_DIR)/TechTest.app/TechTest";
			};
			name = Debug;
		};
		254C21AE27F85753005F900F /* Release */ = {
			isa = XCBuildConfiguration;
			baseConfigurationReference = 8379ABE9AFC2532EB0A64EE3 /* Pods-TechTestTests.release.xcconfig */;
			buildSettings = {
				BUNDLE_LOADER = "$(TEST_HOST)";
				CODE_SIGN_STYLE = Automatic;
				CURRENT_PROJECT_VERSION = 1;
				DEVELOPMENT_TEAM = 8FUDH43EDG;
				GENERATE_INFOPLIST_FILE = YES;
				IPHONEOS_DEPLOYMENT_TARGET = 15.2;
				MARKETING_VERSION = 1.0;
				PRODUCT_BUNDLE_IDENTIFIER = com.limaraxa.techtest.TechTestTests;
				PRODUCT_NAME = "$(TARGET_NAME)";
				SWIFT_EMIT_LOC_STRINGS = NO;
				SWIFT_VERSION = 5.0;
				TARGETED_DEVICE_FAMILY = "1,2";
				TEST_HOST = "$(BUILT_PRODUCTS_DIR)/TechTest.app/TechTest";
			};
			name = Release;
		};
		254C21B027F85753005F900F /* Debug */ = {
			isa = XCBuildConfiguration;
			baseConfigurationReference = 6A8E238B5D0A3597BA1702CD /* Pods-TechTest-TechTestUITests.debug.xcconfig */;
			buildSettings = {
				CODE_SIGN_STYLE = Automatic;
				CURRENT_PROJECT_VERSION = 1;
				DEVELOPMENT_TEAM = 8FUDH43EDG;
				GENERATE_INFOPLIST_FILE = YES;
				MARKETING_VERSION = 1.0;
				PRODUCT_BUNDLE_IDENTIFIER = com.limaraxa.techtest.TechTestUITests;
				PRODUCT_NAME = "$(TARGET_NAME)";
				SWIFT_EMIT_LOC_STRINGS = NO;
				SWIFT_VERSION = 5.0;
				TARGETED_DEVICE_FAMILY = "1,2";
				TEST_TARGET_NAME = TechTest;
			};
			name = Debug;
		};
		254C21B127F85753005F900F /* Release */ = {
			isa = XCBuildConfiguration;
			baseConfigurationReference = B2ABA0E73E3FBEB387EB2798 /* Pods-TechTest-TechTestUITests.release.xcconfig */;
			buildSettings = {
				CODE_SIGN_STYLE = Automatic;
				CURRENT_PROJECT_VERSION = 1;
				DEVELOPMENT_TEAM = 8FUDH43EDG;
				GENERATE_INFOPLIST_FILE = YES;
				MARKETING_VERSION = 1.0;
				PRODUCT_BUNDLE_IDENTIFIER = com.limaraxa.techtest.TechTestUITests;
				PRODUCT_NAME = "$(TARGET_NAME)";
				SWIFT_EMIT_LOC_STRINGS = NO;
				SWIFT_VERSION = 5.0;
				TARGETED_DEVICE_FAMILY = "1,2";
				TEST_TARGET_NAME = TechTest;
			};
			name = Release;
		};
/* End XCBuildConfiguration section */

/* Begin XCConfigurationList section */
		254C217A27F85752005F900F /* Build configuration list for PBXProject "TechTest" */ = {
			isa = XCConfigurationList;
			buildConfigurations = (
				254C21A727F85753005F900F /* Debug */,
				254C21A827F85753005F900F /* Release */,
			);
			defaultConfigurationIsVisible = 0;
			defaultConfigurationName = Release;
		};
		254C21A927F85753005F900F /* Build configuration list for PBXNativeTarget "TechTest" */ = {
			isa = XCConfigurationList;
			buildConfigurations = (
				254C21AA27F85753005F900F /* Debug */,
				254C21AB27F85753005F900F /* Release */,
			);
			defaultConfigurationIsVisible = 0;
			defaultConfigurationName = Release;
		};
		254C21AC27F85753005F900F /* Build configuration list for PBXNativeTarget "TechTestTests" */ = {
			isa = XCConfigurationList;
			buildConfigurations = (
				254C21AD27F85753005F900F /* Debug */,
				254C21AE27F85753005F900F /* Release */,
			);
			defaultConfigurationIsVisible = 0;
			defaultConfigurationName = Release;
		};
		254C21AF27F85753005F900F /* Build configuration list for PBXNativeTarget "TechTestUITests" */ = {
			isa = XCConfigurationList;
			buildConfigurations = (
				254C21B027F85753005F900F /* Debug */,
				254C21B127F85753005F900F /* Release */,
			);
			defaultConfigurationIsVisible = 0;
			defaultConfigurationName = Release;
		};
/* End XCConfigurationList section */
	};
	rootObject = 254C217727F85752005F900F /* Project object */;
}
